{
  "version": 4,
  "terraform_version": "1.11.2",
  "serial": 3,
  "lineage": "d1cba52c-6200-1505-0d84-b242085bf468",
  "outputs": {
    "droplet_ip": {
      "value": "159.89.47.171",
      "type": "string"
    }
  },
  "resources": [
    {
      "mode": "managed",
      "type": "digitalocean_droplet",
      "name": "flask_server",
      "provider": "provider[\"registry.terraform.io/digitalocean/digitalocean\"]",
      "instances": [
        {
          "schema_version": 1,
          "attributes": {
            "backup_policy": [],
            "backups": false,
            "created_at": "2025-03-14T17:42:43Z",
            "disk": 25,
            "droplet_agent": null,
            "graceful_shutdown": false,
            "id": "482827594",
            "image": "ubuntu-22-04-x64",
            "ipv4_address": "159.89.47.171",
            "ipv4_address_private": "10.108.0.2",
            "ipv6": false,
            "ipv6_address": "",
            "locked": false,
            "memory": 1024,
            "monitoring": false,
            "name": "cacao-flask-app",
            "price_hourly": 0.00893,
            "price_monthly": 6,
            "private_networking": true,
            "region": "nyc3",
            "resize_disk": true,
            "size": "s-1vcpu-1gb",
            "ssh_keys": [
              "11:d5:bb:1d:75:a7:ac:e0:01:b7:84:62:46:0f:ef:58"
            ],
            "status": "active",
            "tags": [
              "flask",
              "production",
              "torch"
            ],
            "timeouts": null,
            "urn": "do:droplet:482827594",
            "user_data": "205191203fc11a931a9af1cfbc045c384bbbef10",
            "vcpus": 1,
            "volume_ids": [],
            "vpc_uuid": "3630a8f5-c99f-43f9-9e61-4a9dc387dfec"
          },
          "sensitive_attributes": [],
          "private": "eyJlMmJmYjczMC1lY2FhLTExZTYtOGY4OC0zNDM2M2JjN2M0YzAiOnsiY3JlYXRlIjozNjAwMDAwMDAwMDAwLCJkZWxldGUiOjYwMDAwMDAwMDAwLCJ1cGRhdGUiOjM2MDAwMDAwMDAwMDB9LCJzY2hlbWFfdmVyc2lvbiI6IjEifQ=="
        }
      ]
    }
  ],
  "check_results": null
}
